
Microsoft Visual Studio Solution File, Format Version 12.00
# Visual Studio Version 16
VisualStudioVersion = 16.0.30907.101
MinimumVisualStudioVersion = 10.0.40219.1
Project("{FAE04EC0-301F-11D3-BF4B-00C04F79EFBC}") = "MariemProject", "MariemProject\MariemProject.csproj", "{45050E4B-4912-4690-A547-53B67A22A179}"
EndProject
Global
	GlobalSection(SolutionConfigurationPlatforms) = preSolution
		Debug|Any CPU = Debug|Any CPU
		Release|Any CPU = Release|Any CPU
	EndGlobalSection
	GlobalSection(ProjectConfigurationPlatforms) = postSolution
		{45050E4B-4912-4690-A547-53B67A22A179}.Debug|Any CPU.ActiveCfg = Debug|Any CPU
		{45050E4B-4912-4690-A547-53B67A22A179}.Debug|Any CPU.Build.0 = Debug|Any CPU
		{45050E4B-4912-4690-A547-53B67A22A179}.Release|Any CPU.ActiveCfg = Release|Any CPU
		{45050E4B-4912-4690-A547-53B67A22A179}.Release|Any CPU.Build.0 = Release|Any CPU
	EndGlobalSection
	GlobalSection(SolutionProperties) = preSolution
		HideSolutionNode = FALSE
	EndGlobalSection
	GlobalSection(ExtensibilityGlobals) = postSolution
		SolutionGuid = {5A6848D6-44FD-432C-8791-DB056B5A398E}
	EndGlobalSection
EndGlobal
